// !$*UTF8*$!
{
	archiveVersion = 1;
	classes = {
	};
	objectVersion = 50;
	objects = {

/* Begin PBXBuildFile section */
		00E06A9D211A3DA500587E13 /* AppDelegate.swift in Sources */ = {isa = PBXBuildFile; fileRef = 00E06A9C211A3DA500587E13 /* AppDelegate.swift */; };
		00E06A9F211A3DA500587E13 /* ViewController.swift in Sources */ = {isa = PBXBuildFile; fileRef = 00E06A9E211A3DA500587E13 /* ViewController.swift */; };
		00E06AA2211A3DA500587E13 /* Main.storyboard in Resources */ = {isa = PBXBuildFile; fileRef = 00E06AA0211A3DA500587E13 /* Main.storyboard */; };
		00E06AA4211A3DA700587E13 /* Assets.xcassets in Resources */ = {isa = PBXBuildFile; fileRef = 00E06AA3211A3DA700587E13 /* Assets.xcassets */; };
		00E06AA7211A3DA700587E13 /* LaunchScreen.storyboard in Resources */ = {isa = PBXBuildFile; fileRef = 00E06AA5211A3DA700587E13 /* LaunchScreen.storyboard */; };
		00E06AAF211A469F00587E13 /* big_buck_bunny.mp4 in Resources */ = {isa = PBXBuildFile; fileRef = 00E06AAE211A469F00587E13 /* big_buck_bunny.mp4 */; };
/* End PBXBuildFile section */

/* Begin PBXFileReference section */
		00E06A99211A3DA500587E13 /* PlayVideo01.app */ = {isa = PBXFileReference; explicitFileType = wrapper.application; includeInIndex = 0; path = PlayVideo01.app; sourceTree = BUILT_PRODUCTS_DIR; };
		00E06A9C211A3DA500587E13 /* AppDelegate.swift */ = {isa = PBXFileReference; lastKnownFileType = sourcecode.swift; path = AppDelegate.swift; sourceTree = "<group>"; };
		00E06A9E211A3DA500587E13 /* ViewController.swift */ = {isa = PBXFileReference; lastKnownFileType = sourcecode.swift; path = ViewController.swift; sourceTree = "<group>"; };
		00E06AA1211A3DA500587E13 /* Base */ = {isa = PBXFileReference; lastKnownFileType = file.storyboard; name = Base; path = Base.lproj/Main.storyboard; sourceTree = "<group>"; };
		00E06AA3211A3DA700587E13 /* Assets.xcassets */ = {isa = PBXFileReference; lastKnownFileType = folder.assetcatalog; path = Assets.xcassets; sourceTree = "<group>"; };
		00E06AA6211A3DA700587E13 /* Base */ = {isa = PBXFileReference; lastKnownFileType = file.storyboard; name = Base; path = Base.lproj/LaunchScreen.storyboard; sourceTree = "<group>"; };
		00E06AA8211A3DA700587E13 /* Info.plist */ = {isa = PBXFileReference; lastKnownFileType = text.plist.xml; path = Info.plist; sourceTree = "<group>"; };
		00E06AAE211A469F00587E13 /* big_buck_bunny.mp4 */ = {isa = PBXFileReference; lastKnownFileType = file; path = big_buck_bunny.mp4; sourceTree = "<group>"; };
/* End PBXFileReference section */

/* Begin PBXFrameworksBuildPhase section */
		00E06A96211A3DA500587E13 /* Frameworks */ = {
			isa = PBXFrameworksBuildPhase;
			buildActionMask = 2147483647;
			files = (
			);
			runOnlyForDeploymentPostprocessing = 0;
		};
/* End PBXFrameworksBuildPhase section */

/* Begin PBXGroup section */
		00E06A90211A3DA500587E13 = {
			isa = PBXGroup;
			children = (
				00E06A9B211A3DA500587E13 /* PlayVideo01 */,
				00E06A9A211A3DA500587E13 /* Products */,
			);
			sourceTree = "<group>";
		};
		00E06A9A211A3DA500587E13 /* Products */ = {
			isa = PBXGroup;
			children = (
				00E06A99211A3DA500587E13 /* PlayVideo01.app */,
			);
			name = Products;
			sourceTree = "<group>";
		};
		00E06A9B211A3DA500587E13 /* PlayVideo01 */ = {
			isa = PBXGroup;
			children = (
				00E06AAE211A469F00587E13 /* big_buck_bunny.mp4 */,
				00E06A9C211A3DA500587E13 /* AppDelegate.swift */,
				00E06A9E211A3DA500587E13 /* ViewController.swift */,
				00E06AA0211A3DA500587E13 /* Main.storyboard */,
				00E06AA3211A3DA700587E13 /* Assets.xcassets */,
				00E06AA5211A3DA700587E13 /* LaunchScreen.storyboard */,
				00E06AA8211A3DA700587E13 /* Info.plist */,
			);
			path = PlayVideo01;
			sourceTree = "<group>";
		};
/* End PBXGroup section */

/* Begin PBXNativeTarget section */
		00E06A98211A3DA500587E13 /* PlayVideo01 */ = {
			isa = PBXNativeTarget;
			buildConfigurationList = 00E06AAB211A3DA700587E13 /* Build configuration list for PBXNativeTarget "PlayVideo01" */;
			buildPhases = (
				00E06A95211A3DA500587E13 /* Sources */,
				00E06A96211A3DA500587E13 /* Frameworks */,
				00E06A97211A3DA500587E13 /* Resources */,
			);
			buildRules = (
			);
			dependencies = (
			);
			name = PlayVideo01;
			productName = PlayVideo01;
			productReference = 00E06A99211A3DA500587E13 /* PlayVideo01.app */;
			productType = "com.apple.product-type.application";
		};
/* End PBXNativeTarget section */

/* Begin PBXProject section */
		00E06A91211A3DA500587E13 /* Project object */ = {
			isa = PBXProject;
			attributes = {
				LastSwiftUpdateCheck = 0940;
				LastUpgradeCheck = 0940;
				ORGANIZATIONNAME = "Todd Fleeman";
				TargetAttributes = {
					00E06A98211A3DA500587E13 = {
						CreatedOnToolsVersion = 9.4.1;
					};
				};
			};
			buildConfigurationList = 00E06A94211A3DA500587E13 /* Build configuration list for PBXProject "PlayVideo01" */;
			compatibilityVersion = "Xcode 9.3";
			developmentRegion = en;
			hasScannedForEncodings = 0;
			knownRegions = (
				en,
				Base,
			);
			mainGroup = 00E06A90211A3DA500587E13;
			productRefGroup = 00E06A9A211A3DA500587E13 /* Products */;
			projectDirPath = "";
			projectRoot = "";
			targets = (
				00E06A98211A3DA500587E13 /* PlayVideo01 */,
			);
		};
/* End PBXProject section */

/* Begin PBXResourcesBuildPhase section */
		00E06A97211A3DA500587E13 /* Resources */ = {
			isa = PBXResourcesBuildPhase;
			buildActionMask = 2147483647;
			files = (
				00E06AA7211A3DA700587E13 /* LaunchScreen.storyboard in Resources */,
				00E06AA4211A3DA700587E13 /* Assets.xcassets in Resources */,
				00E06AAF211A469F00587E13 /* big_buck_bunny.mp4 in Resources */,
				00E06AA2211A3DA500587E13 /* Main.storyboard in Resources */,
			);
			runOnlyForDeploymentPostprocessing = 0;
		};
/* End PBXResourcesBuildPhase section */

/* Begin PBXSourcesBuildPhase section */
		00E06A95211A3DA500587E13 /* Sources */ = {
			isa = PBXSourcesBuildPhase;
			buildActionMask = 2147483647;
			files = (
				00E06A9F211A3DA500587E13 /* ViewController.swift in Sources */,
				00E06A9D211A3DA500587E13 /* AppDelegate.swift in Sources */,
			);
			runOnlyForDeploymentPostprocessing = 0;
		};
/* End PBXSourcesBuildPhase section */

/* Begin PBXVariantGroup section */
		00E06AA0211A3DA500587E13 /* Main.storyboard */ = {
			isa = PBXVariantGroup;
			children = (
				00E06AA1211A3DA500587E13 /* Base */,
			);
			name = Main.storyboard;
			sourceTree = "<group>";
		};
		00E06AA5211A3DA700587E13 /* LaunchScreen.storyboard */ = {
			isa = PBXVariantGroup;
			children = (
				00E06AA6211A3DA700587E13 /* Base */,
			);
			name = LaunchScreen.storyboard;
			sourceTree = "<group>";
		};
/* End PBXVariantGroup section */

/* Begin XCBuildConfiguration section */
		00E06AA9211A3DA700587E13 /* Debug */ = {
			isa = XCBuildConfiguration;
			buildSettings = {
				ALWAYS_SEARCH_USER_PATHS = NO;
				CLANG_ANALYZER_NONNULL = YES;
				CLANG_ANALYZER_NUMBER_OBJECT_CONVERSION = YES_AGGRESSIVE;
				CLANG_CXX_LANGUAGE_STANDARD = "gnu++14";
				CLANG_CXX_LIBRARY = "libc++";
				CLANG_ENABLE_MODULES = YES;
				CLANG_ENABLE_OBJC_ARC = YES;
				CLANG_ENABLE_OBJC_WEAK = YES;
				CLANG_WARN_BLOCK_CAPTURE_AUTORELEASING = YES;
				CLANG_WARN_BOOL_CONVERSION = YES;
				CLANG_WARN_COMMA = YES;
				CLANG_WARN_CONSTANT_CONVERSION = YES;
				CLANG_WARN_DEPRECATED_OBJC_IMPLEMENTATIONS = YES;
				CLANG_WARN_DIRECT_OBJC_ISA_USAGE = YES_ERROR;
				CLANG_WARN_DOCUMENTATION_COMMENTS = YES;
				CLANG_WARN_EMPTY_BODY = YES;
				CLANG_WARN_ENUM_CONVERSION = YES;
				CLANG_WARN_INFINITE_RECURSION = YES;
				CLANG_WARN_INT_CONVERSION = YES;
				CLANG_WARN_NON_LITERAL_NULL_CONVERSION = YES;
				CLANG_WARN_OBJC_IMPLICIT_RETAIN_SELF = YES;
				CLANG_WARN_OBJC_LITERAL_CONVERSION = YES;
				CLANG_WARN_OBJC_ROOT_CLASS = YES_ERROR;
				CLANG_WARN_RANGE_LOOP_ANALYSIS = YES;
				CLANG_WARN_STRICT_PROTOTYPES = YES;
				CLANG_WARN_SUSPICIOUS_MOVE = YES;
				CLANG_WARN_UNGUARDED_AVAILABILITY = YES_AGGRESSIVE;
				CLANG_WARN_UNREACHABLE_CODE = YES;
				CLANG_WARN__DUPLICATE_METHOD_MATCH = YES;
				CODE_SIGN_IDENTITY = "iPhone Developer";
				COPY_PHASE_STRIP = NO;
				DEBUG_INFORMATION_FORMAT = dwarf;
				ENABLE_STRICT_OBJC_MSGSEND = YES;
				ENABLE_TESTABILITY = YES;
				GCC_C_LANGUAGE_STANDARD = gnu11;
				GCC_DYNAMIC_NO_PIC = NO;
				GCC_NO_COMMON_BLOCKS = YES;
				GCC_OPTIMIZATION_LEVEL = 0;
				GCC_PREPROCESSOR_DEFINITIONS = (
					"DEBUG=1",
					"$(inherited)",
				);
				GCC_WARN_64_TO_32_BIT_CONVERSION = YES;
				GCC_WARN_ABOUT_RETURN_TYPE = YES_ERROR;
				GCC_WARN_UNDECLARED_SELECTOR = YES;
				GCC_WARN_UNINITIALIZED_AUTOS = YES_AGGRESSIVE;
				GCC_WARN_UNUSED_FUNCTION = YES;
				GCC_WARN_UNUSED_VARIABLE = YES;
				IPHONEOS_DEPLOYMENT_TARGET = 11.4;
				MTL_ENABLE_DEBUG_INFO = YES;
				ONLY_ACTIVE_ARCH = YES;
				SDKROOT = iphoneos;
				SWIFT_ACTIVE_COMPILATION_CONDITIONS = DEBUG;
				SWIFT_OPTIMIZATION_LEVEL = "-Onone";
			};
			name = Debug;
		};
		00E06AAA211A3DA700587E13 /* Release */ = {
			isa = XCBuildConfiguration;
			buildSettings = {
				ALWAYS_SEARCH_USER_PATHS = NO;
				CLANG_ANALYZER_NONNULL = YES;
				CLANG_ANALYZER_NUMBER_OBJECT_CONVERSION = YES_AGGRESSIVE;
				CLANG_CXX_LANGUAGE_STANDARD = "gnu++14";
				CLANG_CXX_LIBRARY = "libc++";
				CLANG_ENABLE_MODULES = YES;
				CLANG_ENABLE_OBJC_ARC = YES;
				CLANG_ENABLE_OBJC_WEAK = YES;
				CLANG_WARN_BLOCK_CAPTURE_AUTORELEASING = YES;
				CLANG_WARN_BOOL_CONVERSION = YES;
				CLANG_WARN_COMMA = YES;
				CLANG_WARN_CONSTANT_CONVERSION = YES;
				CLANG_WARN_DEPRECATED_OBJC_IMPLEMENTATIONS = YES;
				CLANG_WARN_DIRECT_OBJC_ISA_USAGE = YES_ERROR;
				CLANG_WARN_DOCUMENTATION_COMMENTS = YES;
				CLANG_WARN_EMPTY_BODY = YES;
				CLANG_WARN_ENUM_CONVERSION = YES;
				CLANG_WARN_INFINITE_RECURSION = YES;
				CLANG_WARN_INT_CONVERSION = YES;
				CLANG_WARN_NON_LITERAL_NULL_CONVERSION = YES;
				CLANG_WARN_OBJC_IMPLICIT_RETAIN_SELF = YES;
				CLANG_WARN_OBJC_LITERAL_CONVERSION = YES;
				CLANG_WARN_OBJC_ROOT_CLASS = YES_ERROR;
				CLANG_WARN_RANGE_LOOP_ANALYSIS = YES;
				CLANG_WARN_STRICT_PROTOTYPES = YES;
				CLANG_WARN_SUSPICIOUS_MOVE = YES;
				CLANG_WARN_UNGUARDED_AVAILABILITY = YES_AGGRESSIVE;
				CLANG_WARN_UNREACHABLE_CODE = YES;
				CLANG_WARN__DUPLICATE_METHOD_MATCH = YES;
				CODE_SIGN_IDENTITY = "iPhone Developer";
				COPY_PHASE_STRIP = NO;
				DEBUG_INFORMATION_FORMAT = "dwarf-with-dsym";
				ENABLE_NS_ASSERTIONS = NO;
				ENABLE_STRICT_OBJC_MSGSEND = YES;
				GCC_C_LANGUAGE_STANDARD = gnu11;
				GCC_NO_COMMON_BLOCKS = YES;
				GCC_WARN_64_TO_32_BIT_CONVERSION = YES;
				GCC_WARN_ABOUT_RETURN_TYPE = YES_ERROR;
				GCC_WARN_UNDECLARED_SELECTOR = YES;
				GCC_WARN_UNINITIALIZED_AUTOS = YES_AGGRESSIVE;
				GCC_WARN_UNUSED_FUNCTION = YES;
				GCC_WARN_UNUSED_VARIABLE = YES;
				IPHONEOS_DEPLOYMENT_TARGET = 11.4;
				MTL_ENABLE_DEBUG_INFO = NO;
				SDKROOT = iphoneos;
				SWIFT_COMPILATION_MODE = wholemodule;
				SWIFT_OPTIMIZATION_LEVEL = "-O";
				VALIDATE_PRODUCT = YES;
			};
			name = Release;
		};
		00E06AAC211A3DA700587E13 /* Debug */ = {
			isa = XCBuildConfiguration;
			buildSettings = {
				ASSETCATALOG_COMPILER_APPICON_NAME = AppIcon;
				CODE_SIGN_STYLE = Automatic;
				DEVELOPMENT_TEAM = BY728NZFR2;
				INFOPLIST_FILE = PlayVideo01/Info.plist;
				LD_RUNPATH_SEARCH_PATHS = (
					"$(inherited)",
					"@executable_path/Frameworks",
				);
				PRODUCT_BUNDLE_IDENTIFIER = com.rtodd.PlayVideo01;
				PRODUCT_NAME = "$(TARGET_NAME)";
				SWIFT_VERSION = 4.0;
				TARGETED_DEVICE_FAMILY = "1,2";
			};
			name = Debug;
		};
		00E06AAD211A3DA700587E13 /* Release */ = {
			isa = XCBuildConfiguration;
			buildSettings = {
				ASSETCATALOG_COMPILER_APPICON_NAME = AppIcon;
				CODE_SIGN_STYLE = Automatic;
				DEVELOPMENT_TEAM = BY728NZFR2;
				INFOPLIST_FILE = PlayVideo01/Info.plist;
				LD_RUNPATH_SEARCH_PATHS = (
					"$(inherited)",
					"@executable_path/Frameworks",
				);
				PRODUCT_BUNDLE_IDENTIFIER = com.rtodd.PlayVideo01;
				PRODUCT_NAME = "$(TARGET_NAME)";
				SWIFT_VERSION = 4.0;
				TARGETED_DEVICE_FAMILY = "1,2";
			};
			name = Release;
		};
/* End XCBuildConfiguration section */

/* Begin XCConfigurationList section */
		00E06A94211A3DA500587E13 /* Build configuration list for PBXProject "PlayVideo01" */ = {
			isa = XCConfigurationList;
			buildConfigurations = (
				00E06AA9211A3DA700587E13 /* Debug */,
				00E06AAA211A3DA700587E13 /* Release */,
			);
			defaultConfigurationIsVisible = 0;
			defaultConfigurationName = Release;
		};
		00E06AAB211A3DA700587E13 /* Build configuration list for PBXNativeTarget "PlayVideo01" */ = {
			isa = XCConfigurationList;
			buildConfigurations = (
				00E06AAC211A3DA700587E13 /* Debug */,
				00E06AAD211A3DA700587E13 /* Release */,
			);
			defaultConfigurationIsVisible = 0;
			defaultConfigurationName = Release;
		};
/* End XCConfigurationList section */
	};
	rootObject = 00E06A91211A3DA500587E13 /* Project object */;
}
